
Microsoft Visual Studio Solution File, Format Version 12.00
# Visual Studio 15
VisualStudioVersion = 15.0.27428.2037
MinimumVisualStudioVersion = 10.0.40219.1
Project("{FAE04EC0-301F-11D3-BF4B-00C04F79EFBC}") = "HeuristicLab.Problems.BpEaGA", "HeuristicLab.Problems.BpEaGA\HeuristicLab.Problems.BpEaGA.csproj", "{11E7AC72-2447-418F-8B39-B17F24238232}"
EndProject
Project("{FAE04EC0-301F-11D3-BF4B-00C04F79EFBC}") = "HeuristicLab.Encoding.BpEa.RealVector", "HeuristicLab.Encoding.BpEa.RealVector\HeuristicLab.Encoding.BpEa.RealVector.csproj", "{51A67CE7-8286-4DF1-889D-2E222D585084}"
EndProject
Global
	GlobalSection(SolutionConfigurationPlatforms) = preSolution
		Debug|Any CPU = Debug|Any CPU
		Release|Any CPU = Release|Any CPU
	EndGlobalSection
	GlobalSection(ProjectConfigurationPlatforms) = postSolution
		{11E7AC72-2447-418F-8B39-B17F24238232}.Debug|Any CPU.ActiveCfg = Debug|Any CPU
		{11E7AC72-2447-418F-8B39-B17F24238232}.Debug|Any CPU.Build.0 = Debug|Any CPU
		{11E7AC72-2447-418F-8B39-B17F24238232}.Release|Any CPU.ActiveCfg = Debug|Any CPU
		{11E7AC72-2447-418F-8B39-B17F24238232}.Release|Any CPU.Build.0 = Debug|Any CPU
		{51A67CE7-8286-4DF1-889D-2E222D585084}.Debug|Any CPU.ActiveCfg = Debug|Any CPU
		{51A67CE7-8286-4DF1-889D-2E222D585084}.Debug|Any CPU.Build.0 = Debug|Any CPU
		{51A67CE7-8286-4DF1-889D-2E222D585084}.Release|Any CPU.ActiveCfg = Release|Any CPU
		{51A67CE7-8286-4DF1-889D-2E222D585084}.Release|Any CPU.Build.0 = Release|Any CPU
	EndGlobalSection
	GlobalSection(SolutionProperties) = preSolution
		HideSolutionNode = FALSE
	EndGlobalSection
	GlobalSection(ExtensibilityGlobals) = postSolution
		SolutionGuid = {20145494-772F-4E63-B357-85C6D19A62FB}
	EndGlobalSection
EndGlobal
